// !$*UTF8*$!
{
	archiveVersion = 1;
	classes = {
	};
	objectVersion = 55;
	objects = {

/* Begin PBXBuildFile section */
		11634FB6278DF62A000BD2C3 /* KategoriaView.swift in Sources */ = {isa = PBXBuildFile; fileRef = 11634FB5278DF62A000BD2C3 /* KategoriaView.swift */; };
		11634FB8278E0789000BD2C3 /* RegisterView.swift in Sources */ = {isa = PBXBuildFile; fileRef = 11634FB7278E0789000BD2C3 /* RegisterView.swift */; };
		11634FBA278E079E000BD2C3 /* LoginView.swift in Sources */ = {isa = PBXBuildFile; fileRef = 11634FB9278E079E000BD2C3 /* LoginView.swift */; };
		119EE3A9278E5DE00093D143 /* Cart+CoreDataClass.swift in Sources */ = {isa = PBXBuildFile; fileRef = 119EE39F278E5DE00093D143 /* Cart+CoreDataClass.swift */; };
		119EE3AA278E5DE00093D143 /* Cart+CoreDataProperties.swift in Sources */ = {isa = PBXBuildFile; fileRef = 119EE3A0278E5DE00093D143 /* Cart+CoreDataProperties.swift */; };
		119EE3AB278E5DE00093D143 /* BuyHistory+CoreDataClass.swift in Sources */ = {isa = PBXBuildFile; fileRef = 119EE3A1278E5DE00093D143 /* BuyHistory+CoreDataClass.swift */; };
		119EE3AC278E5DE00093D143 /* BuyHistory+CoreDataProperties.swift in Sources */ = {isa = PBXBuildFile; fileRef = 119EE3A2278E5DE00093D143 /* BuyHistory+CoreDataProperties.swift */; };
		119EE3AD278E5DE00093D143 /* Kategoria+CoreDataClass.swift in Sources */ = {isa = PBXBuildFile; fileRef = 119EE3A3278E5DE00093D143 /* Kategoria+CoreDataClass.swift */; };
		119EE3AE278E5DE00093D143 /* Kategoria+CoreDataProperties.swift in Sources */ = {isa = PBXBuildFile; fileRef = 119EE3A4278E5DE00093D143 /* Kategoria+CoreDataProperties.swift */; };
		119EE3AF278E5DE00093D143 /* Produkt+CoreDataClass.swift in Sources */ = {isa = PBXBuildFile; fileRef = 119EE3A5278E5DE00093D143 /* Produkt+CoreDataClass.swift */; };
		119EE3B0278E5DE00093D143 /* Produkt+CoreDataProperties.swift in Sources */ = {isa = PBXBuildFile; fileRef = 119EE3A6278E5DE00093D143 /* Produkt+CoreDataProperties.swift */; };
		119EE3B1278E5DE00093D143 /* User+CoreDataClass.swift in Sources */ = {isa = PBXBuildFile; fileRef = 119EE3A7278E5DE00093D143 /* User+CoreDataClass.swift */; };
		119EE3B2278E5DE00093D143 /* User+CoreDataProperties.swift in Sources */ = {isa = PBXBuildFile; fileRef = 119EE3A8278E5DE00093D143 /* User+CoreDataProperties.swift */; };
		11BF8565278F8A0300C7A278 /* NetworkingService.swift in Sources */ = {isa = PBXBuildFile; fileRef = 11BF8564278F8A0300C7A278 /* NetworkingService.swift */; };
		11BF8567278F8C2D00C7A278 /* PersistenceService.swift in Sources */ = {isa = PBXBuildFile; fileRef = 11BF8566278F8C2D00C7A278 /* PersistenceService.swift */; };
		11BF8569278F905000C7A278 /* RequestAPI.swift in Sources */ = {isa = PBXBuildFile; fileRef = 11BF8568278F905000C7A278 /* RequestAPI.swift */; };
		27326CBE25B5E55200E75CF1 /* sklep_restApp.swift in Sources */ = {isa = PBXBuildFile; fileRef = 27326CBD25B5E55200E75CF1 /* sklep_restApp.swift */; };
		27326CC025B5E55200E75CF1 /* ContentView.swift in Sources */ = {isa = PBXBuildFile; fileRef = 27326CBF25B5E55200E75CF1 /* ContentView.swift */; };
		27326CC225B5E56C00E75CF1 /* Assets.xcassets in Resources */ = {isa = PBXBuildFile; fileRef = 27326CC125B5E56C00E75CF1 /* Assets.xcassets */; };
		27326CC525B5E56C00E75CF1 /* Preview Assets.xcassets in Resources */ = {isa = PBXBuildFile; fileRef = 27326CC425B5E56C00E75CF1 /* Preview Assets.xcassets */; };
		27326CC725B5E56C00E75CF1 /* Persistence.swift in Sources */ = {isa = PBXBuildFile; fileRef = 27326CC625B5E56C00E75CF1 /* Persistence.swift */; };
		27326CCA25B5E56C00E75CF1 /* sklep_rest.xcdatamodeld in Sources */ = {isa = PBXBuildFile; fileRef = 27326CC825B5E56C00E75CF1 /* sklep_rest.xcdatamodeld */; };
		92AFF3DD273D6CBB007CBD4E /* ProductView.swift in Sources */ = {isa = PBXBuildFile; fileRef = 92AFF3DC273D6CBB007CBD4E /* ProductView.swift */; };
/* End PBXBuildFile section */

/* Begin PBXFileReference section */
		11634FB5278DF62A000BD2C3 /* KategoriaView.swift */ = {isa = PBXFileReference; lastKnownFileType = sourcecode.swift; path = KategoriaView.swift; sourceTree = "<group>"; };
		11634FB7278E0789000BD2C3 /* RegisterView.swift */ = {isa = PBXFileReference; lastKnownFileType = sourcecode.swift; path = RegisterView.swift; sourceTree = "<group>"; };
		11634FB9278E079E000BD2C3 /* LoginView.swift */ = {isa = PBXFileReference; lastKnownFileType = sourcecode.swift; path = LoginView.swift; sourceTree = "<group>"; };
		119EE39F278E5DE00093D143 /* Cart+CoreDataClass.swift */ = {isa = PBXFileReference; lastKnownFileType = sourcecode.swift; path = "Cart+CoreDataClass.swift"; sourceTree = "<group>"; };
		119EE3A0278E5DE00093D143 /* Cart+CoreDataProperties.swift */ = {isa = PBXFileReference; lastKnownFileType = sourcecode.swift; path = "Cart+CoreDataProperties.swift"; sourceTree = "<group>"; };
		119EE3A1278E5DE00093D143 /* BuyHistory+CoreDataClass.swift */ = {isa = PBXFileReference; lastKnownFileType = sourcecode.swift; path = "BuyHistory+CoreDataClass.swift"; sourceTree = "<group>"; };
		119EE3A2278E5DE00093D143 /* BuyHistory+CoreDataProperties.swift */ = {isa = PBXFileReference; lastKnownFileType = sourcecode.swift; path = "BuyHistory+CoreDataProperties.swift"; sourceTree = "<group>"; };
		119EE3A3278E5DE00093D143 /* Kategoria+CoreDataClass.swift */ = {isa = PBXFileReference; lastKnownFileType = sourcecode.swift; path = "Kategoria+CoreDataClass.swift"; sourceTree = "<group>"; };
		119EE3A4278E5DE00093D143 /* Kategoria+CoreDataProperties.swift */ = {isa = PBXFileReference; lastKnownFileType = sourcecode.swift; path = "Kategoria+CoreDataProperties.swift"; sourceTree = "<group>"; };
		119EE3A5278E5DE00093D143 /* Produkt+CoreDataClass.swift */ = {isa = PBXFileReference; lastKnownFileType = sourcecode.swift; path = "Produkt+CoreDataClass.swift"; sourceTree = "<group>"; };
		119EE3A6278E5DE00093D143 /* Produkt+CoreDataProperties.swift */ = {isa = PBXFileReference; lastKnownFileType = sourcecode.swift; path = "Produkt+CoreDataProperties.swift"; sourceTree = "<group>"; };
		119EE3A7278E5DE00093D143 /* User+CoreDataClass.swift */ = {isa = PBXFileReference; lastKnownFileType = sourcecode.swift; path = "User+CoreDataClass.swift"; sourceTree = "<group>"; };
		119EE3A8278E5DE00093D143 /* User+CoreDataProperties.swift */ = {isa = PBXFileReference; lastKnownFileType = sourcecode.swift; path = "User+CoreDataProperties.swift"; sourceTree = "<group>"; };
		11BF8564278F8A0300C7A278 /* NetworkingService.swift */ = {isa = PBXFileReference; lastKnownFileType = sourcecode.swift; path = NetworkingService.swift; sourceTree = "<group>"; };
		11BF8566278F8C2D00C7A278 /* PersistenceService.swift */ = {isa = PBXFileReference; lastKnownFileType = sourcecode.swift; path = PersistenceService.swift; sourceTree = "<group>"; };
		11BF8568278F905000C7A278 /* RequestAPI.swift */ = {isa = PBXFileReference; lastKnownFileType = sourcecode.swift; path = RequestAPI.swift; sourceTree = "<group>"; };
		27326CBA25B5E55200E75CF1 /* sklep-rest.app */ = {isa = PBXFileReference; explicitFileType = wrapper.application; includeInIndex = 0; path = "sklep-rest.app"; sourceTree = BUILT_PRODUCTS_DIR; };
		27326CBD25B5E55200E75CF1 /* sklep_restApp.swift */ = {isa = PBXFileReference; lastKnownFileType = sourcecode.swift; path = sklep_restApp.swift; sourceTree = "<group>"; };
		27326CBF25B5E55200E75CF1 /* ContentView.swift */ = {isa = PBXFileReference; lastKnownFileType = sourcecode.swift; path = ContentView.swift; sourceTree = "<group>"; };
		27326CC125B5E56C00E75CF1 /* Assets.xcassets */ = {isa = PBXFileReference; lastKnownFileType = folder.assetcatalog; path = Assets.xcassets; sourceTree = "<group>"; };
		27326CC425B5E56C00E75CF1 /* Preview Assets.xcassets */ = {isa = PBXFileReference; lastKnownFileType = folder.assetcatalog; path = "Preview Assets.xcassets"; sourceTree = "<group>"; };
		27326CC625B5E56C00E75CF1 /* Persistence.swift */ = {isa = PBXFileReference; lastKnownFileType = sourcecode.swift; path = Persistence.swift; sourceTree = "<group>"; };
		27326CC925B5E56C00E75CF1 /* sklep_rest.xcdatamodel */ = {isa = PBXFileReference; lastKnownFileType = wrapper.xcdatamodel; path = sklep_rest.xcdatamodel; sourceTree = "<group>"; };
		27326CCB25B5E56C00E75CF1 /* Info.plist */ = {isa = PBXFileReference; lastKnownFileType = text.plist.xml; path = Info.plist; sourceTree = "<group>"; };
		92AFF3DC273D6CBB007CBD4E /* ProductView.swift */ = {isa = PBXFileReference; lastKnownFileType = sourcecode.swift; path = ProductView.swift; sourceTree = "<group>"; };
/* End PBXFileReference section */

/* Begin PBXFrameworksBuildPhase section */
		27326CB725B5E55200E75CF1 /* Frameworks */ = {
			isa = PBXFrameworksBuildPhase;
			buildActionMask = 2147483647;
			files = (
			);
			runOnlyForDeploymentPostprocessing = 0;
		};
/* End PBXFrameworksBuildPhase section */

/* Begin PBXGroup section */
		1137FC56278F742B00DA9D33 /* Views */ = {
			isa = PBXGroup;
			children = (
				27326CBF25B5E55200E75CF1 /* ContentView.swift */,
				92AFF3DC273D6CBB007CBD4E /* ProductView.swift */,
				11634FB5278DF62A000BD2C3 /* KategoriaView.swift */,
				11634FB7278E0789000BD2C3 /* RegisterView.swift */,
				11634FB9278E079E000BD2C3 /* LoginView.swift */,
			);
			path = Views;
			sourceTree = "<group>";
		};
		11D0550F278E3A25002551AC /* Models */ = {
			isa = PBXGroup;
			children = (
				119EE39F278E5DE00093D143 /* Cart+CoreDataClass.swift */,
				119EE3A0278E5DE00093D143 /* Cart+CoreDataProperties.swift */,
				119EE3A1278E5DE00093D143 /* BuyHistory+CoreDataClass.swift */,
				119EE3A2278E5DE00093D143 /* BuyHistory+CoreDataProperties.swift */,
				119EE3A3278E5DE00093D143 /* Kategoria+CoreDataClass.swift */,
				119EE3A4278E5DE00093D143 /* Kategoria+CoreDataProperties.swift */,
				119EE3A5278E5DE00093D143 /* Produkt+CoreDataClass.swift */,
				119EE3A6278E5DE00093D143 /* Produkt+CoreDataProperties.swift */,
				119EE3A7278E5DE00093D143 /* User+CoreDataClass.swift */,
				119EE3A8278E5DE00093D143 /* User+CoreDataProperties.swift */,
			);
			path = Models;
			sourceTree = "<group>";
		};
		27326CB125B5E55100E75CF1 = {
			isa = PBXGroup;
			children = (
				27326CBC25B5E55200E75CF1 /* sklep-rest */,
				27326CBB25B5E55200E75CF1 /* Products */,
			);
			sourceTree = "<group>";
		};
		27326CBB25B5E55200E75CF1 /* Products */ = {
			isa = PBXGroup;
			children = (
				27326CBA25B5E55200E75CF1 /* sklep-rest.app */,
			);
			name = Products;
			sourceTree = "<group>";
		};
		27326CBC25B5E55200E75CF1 /* sklep-rest */ = {
			isa = PBXGroup;
			children = (
				1137FC56278F742B00DA9D33 /* Views */,
				11D0550F278E3A25002551AC /* Models */,
				27326CBD25B5E55200E75CF1 /* sklep_restApp.swift */,
				27326CC125B5E56C00E75CF1 /* Assets.xcassets */,
				27326CC625B5E56C00E75CF1 /* Persistence.swift */,
				27326CCB25B5E56C00E75CF1 /* Info.plist */,
				27326CC825B5E56C00E75CF1 /* sklep_rest.xcdatamodeld */,
				11BF8566278F8C2D00C7A278 /* PersistenceService.swift */,
				11BF8564278F8A0300C7A278 /* NetworkingService.swift */,
				11BF8568278F905000C7A278 /* RequestAPI.swift */,
				27326CC325B5E56C00E75CF1 /* Preview Content */,
			);
			path = "sklep-rest";
			sourceTree = "<group>";
		};
		27326CC325B5E56C00E75CF1 /* Preview Content */ = {
			isa = PBXGroup;
			children = (
				27326CC425B5E56C00E75CF1 /* Preview Assets.xcassets */,
			);
			path = "Preview Content";
			sourceTree = "<group>";
		};
/* End PBXGroup section */

/* Begin PBXNativeTarget section */
		27326CB925B5E55200E75CF1 /* sklep-rest */ = {
			isa = PBXNativeTarget;
			buildConfigurationList = 27326CCE25B5E56C00E75CF1 /* Build configuration list for PBXNativeTarget "sklep-rest" */;
			buildPhases = (
				27326CB625B5E55200E75CF1 /* Sources */,
				27326CB725B5E55200E75CF1 /* Frameworks */,
				27326CB825B5E55200E75CF1 /* Resources */,
			);
			buildRules = (
			);
			dependencies = (
			);
			name = "sklep-rest";
			productName = "sklep-rest";
			productReference = 27326CBA25B5E55200E75CF1 /* sklep-rest.app */;
			productType = "com.apple.product-type.application";
		};
/* End PBXNativeTarget section */

/* Begin PBXProject section */
		27326CB225B5E55200E75CF1 /* Project object */ = {
			isa = PBXProject;
			attributes = {
				LastSwiftUpdateCheck = 1230;
				LastUpgradeCheck = 1230;
				TargetAttributes = {
					27326CB925B5E55200E75CF1 = {
						CreatedOnToolsVersion = 12.3;
					};
				};
			};
			buildConfigurationList = 27326CB525B5E55200E75CF1 /* Build configuration list for PBXProject "sklep-rest" */;
			compatibilityVersion = "Xcode 13.0";
			developmentRegion = en;
			hasScannedForEncodings = 0;
			knownRegions = (
				en,
				Base,
			);
			mainGroup = 27326CB125B5E55100E75CF1;
			productRefGroup = 27326CBB25B5E55200E75CF1 /* Products */;
			projectDirPath = "";
			projectRoot = "";
			targets = (
				27326CB925B5E55200E75CF1 /* sklep-rest */,
			);
		};
/* End PBXProject section */

/* Begin PBXResourcesBuildPhase section */
		27326CB825B5E55200E75CF1 /* Resources */ = {
			isa = PBXResourcesBuildPhase;
			buildActionMask = 2147483647;
			files = (
				27326CC525B5E56C00E75CF1 /* Preview Assets.xcassets in Resources */,
				27326CC225B5E56C00E75CF1 /* Assets.xcassets in Resources */,
			);
			runOnlyForDeploymentPostprocessing = 0;
		};
/* End PBXResourcesBuildPhase section */

/* Begin PBXSourcesBuildPhase section */
		27326CB625B5E55200E75CF1 /* Sources */ = {
			isa = PBXSourcesBuildPhase;
			buildActionMask = 2147483647;
			files = (
				119EE3AB278E5DE00093D143 /* BuyHistory+CoreDataClass.swift in Sources */,
				11634FB6278DF62A000BD2C3 /* KategoriaView.swift in Sources */,
				119EE3AC278E5DE00093D143 /* BuyHistory+CoreDataProperties.swift in Sources */,
				27326CC725B5E56C00E75CF1 /* Persistence.swift in Sources */,
				27326CC025B5E55200E75CF1 /* ContentView.swift in Sources */,
				11BF8567278F8C2D00C7A278 /* PersistenceService.swift in Sources */,
				11634FB8278E0789000BD2C3 /* RegisterView.swift in Sources */,
				119EE3A9278E5DE00093D143 /* Cart+CoreDataClass.swift in Sources */,
				27326CBE25B5E55200E75CF1 /* sklep_restApp.swift in Sources */,
				119EE3B2278E5DE00093D143 /* User+CoreDataProperties.swift in Sources */,
				119EE3B1278E5DE00093D143 /* User+CoreDataClass.swift in Sources */,
				119EE3AA278E5DE00093D143 /* Cart+CoreDataProperties.swift in Sources */,
				119EE3AE278E5DE00093D143 /* Kategoria+CoreDataProperties.swift in Sources */,
				119EE3AF278E5DE00093D143 /* Produkt+CoreDataClass.swift in Sources */,
				92AFF3DD273D6CBB007CBD4E /* ProductView.swift in Sources */,
				119EE3AD278E5DE00093D143 /* Kategoria+CoreDataClass.swift in Sources */,
				11BF8565278F8A0300C7A278 /* NetworkingService.swift in Sources */,
				11634FBA278E079E000BD2C3 /* LoginView.swift in Sources */,
				119EE3B0278E5DE00093D143 /* Produkt+CoreDataProperties.swift in Sources */,
				11BF8569278F905000C7A278 /* RequestAPI.swift in Sources */,
				27326CCA25B5E56C00E75CF1 /* sklep_rest.xcdatamodeld in Sources */,
			);
			runOnlyForDeploymentPostprocessing = 0;
		};
/* End PBXSourcesBuildPhase section */

/* Begin XCBuildConfiguration section */
		27326CCC25B5E56C00E75CF1 /* Debug */ = {
			isa = XCBuildConfiguration;
			buildSettings = {
				ALWAYS_SEARCH_USER_PATHS = NO;
				CLANG_ANALYZER_NONNULL = YES;
				CLANG_ANALYZER_NUMBER_OBJECT_CONVERSION = YES_AGGRESSIVE;
				CLANG_CXX_LANGUAGE_STANDARD = "gnu++14";
				CLANG_CXX_LIBRARY = "libc++";
				CLANG_ENABLE_MODULES = YES;
				CLANG_ENABLE_OBJC_ARC = YES;
				CLANG_ENABLE_OBJC_WEAK = YES;
				CLANG_WARN_BLOCK_CAPTURE_AUTORELEASING = YES;
				CLANG_WARN_BOOL_CONVERSION = YES;
				CLANG_WARN_COMMA = YES;
				CLANG_WARN_CONSTANT_CONVERSION = YES;
				CLANG_WARN_DEPRECATED_OBJC_IMPLEMENTATIONS = YES;
				CLANG_WARN_DIRECT_OBJC_ISA_USAGE = YES_ERROR;
				CLANG_WARN_DOCUMENTATION_COMMENTS = YES;
				CLANG_WARN_EMPTY_BODY = YES;
				CLANG_WARN_ENUM_CONVERSION = YES;
				CLANG_WARN_INFINITE_RECURSION = YES;
				CLANG_WARN_INT_CONVERSION = YES;
				CLANG_WARN_NON_LITERAL_NULL_CONVERSION = YES;
				CLANG_WARN_OBJC_IMPLICIT_RETAIN_SELF = YES;
				CLANG_WARN_OBJC_LITERAL_CONVERSION = YES;
				CLANG_WARN_OBJC_ROOT_CLASS = YES_ERROR;
				CLANG_WARN_QUOTED_INCLUDE_IN_FRAMEWORK_HEADER = YES;
				CLANG_WARN_RANGE_LOOP_ANALYSIS = YES;
				CLANG_WARN_STRICT_PROTOTYPES = YES;
				CLANG_WARN_SUSPICIOUS_MOVE = YES;
				CLANG_WARN_UNGUARDED_AVAILABILITY = YES_AGGRESSIVE;
				CLANG_WARN_UNREACHABLE_CODE = YES;
				CLANG_WARN__DUPLICATE_METHOD_MATCH = YES;
				COPY_PHASE_STRIP = NO;
				DEBUG_INFORMATION_FORMAT = dwarf;
				ENABLE_STRICT_OBJC_MSGSEND = YES;
				ENABLE_TESTABILITY = YES;
				GCC_C_LANGUAGE_STANDARD = gnu11;
				GCC_DYNAMIC_NO_PIC = NO;
				GCC_NO_COMMON_BLOCKS = YES;
				GCC_OPTIMIZATION_LEVEL = 0;
				GCC_PREPROCESSOR_DEFINITIONS = (
					"DEBUG=1",
					"$(inherited)",
				);
				GCC_WARN_64_TO_32_BIT_CONVERSION = YES;
				GCC_WARN_ABOUT_RETURN_TYPE = YES_ERROR;
				GCC_WARN_UNDECLARED_SELECTOR = YES;
				GCC_WARN_UNINITIALIZED_AUTOS = YES_AGGRESSIVE;
				GCC_WARN_UNUSED_FUNCTION = YES;
				GCC_WARN_UNUSED_VARIABLE = YES;
				IPHONEOS_DEPLOYMENT_TARGET = 14.3;
				MTL_ENABLE_DEBUG_INFO = INCLUDE_SOURCE;
				MTL_FAST_MATH = YES;
				ONLY_ACTIVE_ARCH = YES;
				SDKROOT = iphoneos;
				SWIFT_ACTIVE_COMPILATION_CONDITIONS = DEBUG;
				SWIFT_OPTIMIZATION_LEVEL = "-Onone";
			};
			name = Debug;
		};
		27326CCD25B5E56C00E75CF1 /* Release */ = {
			isa = XCBuildConfiguration;
			buildSettings = {
				ALWAYS_SEARCH_USER_PATHS = NO;
				CLANG_ANALYZER_NONNULL = YES;
				CLANG_ANALYZER_NUMBER_OBJECT_CONVERSION = YES_AGGRESSIVE;
				CLANG_CXX_LANGUAGE_STANDARD = "gnu++14";
				CLANG_CXX_LIBRARY = "libc++";
				CLANG_ENABLE_MODULES = YES;
				CLANG_ENABLE_OBJC_ARC = YES;
				CLANG_ENABLE_OBJC_WEAK = YES;
				CLANG_WARN_BLOCK_CAPTURE_AUTORELEASING = YES;
				CLANG_WARN_BOOL_CONVERSION = YES;
				CLANG_WARN_COMMA = YES;
				CLANG_WARN_CONSTANT_CONVERSION = YES;
				CLANG_WARN_DEPRECATED_OBJC_IMPLEMENTATIONS = YES;
				CLANG_WARN_DIRECT_OBJC_ISA_USAGE = YES_ERROR;
				CLANG_WARN_DOCUMENTATION_COMMENTS = YES;
				CLANG_WARN_EMPTY_BODY = YES;
				CLANG_WARN_ENUM_CONVERSION = YES;
				CLANG_WARN_INFINITE_RECURSION = YES;
				CLANG_WARN_INT_CONVERSION = YES;
				CLANG_WARN_NON_LITERAL_NULL_CONVERSION = YES;
				CLANG_WARN_OBJC_IMPLICIT_RETAIN_SELF = YES;
				CLANG_WARN_OBJC_LITERAL_CONVERSION = YES;
				CLANG_WARN_OBJC_ROOT_CLASS = YES_ERROR;
				CLANG_WARN_QUOTED_INCLUDE_IN_FRAMEWORK_HEADER = YES;
				CLANG_WARN_RANGE_LOOP_ANALYSIS = YES;
				CLANG_WARN_STRICT_PROTOTYPES = YES;
				CLANG_WARN_SUSPICIOUS_MOVE = YES;
				CLANG_WARN_UNGUARDED_AVAILABILITY = YES_AGGRESSIVE;
				CLANG_WARN_UNREACHABLE_CODE = YES;
				CLANG_WARN__DUPLICATE_METHOD_MATCH = YES;
				COPY_PHASE_STRIP = NO;
				DEBUG_INFORMATION_FORMAT = "dwarf-with-dsym";
				ENABLE_NS_ASSERTIONS = NO;
				ENABLE_STRICT_OBJC_MSGSEND = YES;
				GCC_C_LANGUAGE_STANDARD = gnu11;
				GCC_NO_COMMON_BLOCKS = YES;
				GCC_WARN_64_TO_32_BIT_CONVERSION = YES;
				GCC_WARN_ABOUT_RETURN_TYPE = YES_ERROR;
				GCC_WARN_UNDECLARED_SELECTOR = YES;
				GCC_WARN_UNINITIALIZED_AUTOS = YES_AGGRESSIVE;
				GCC_WARN_UNUSED_FUNCTION = YES;
				GCC_WARN_UNUSED_VARIABLE = YES;
				IPHONEOS_DEPLOYMENT_TARGET = 14.3;
				MTL_ENABLE_DEBUG_INFO = NO;
				MTL_FAST_MATH = YES;
				SDKROOT = iphoneos;
				SWIFT_COMPILATION_MODE = wholemodule;
				SWIFT_OPTIMIZATION_LEVEL = "-O";
				VALIDATE_PRODUCT = YES;
			};
			name = Release;
		};
		27326CCF25B5E56C00E75CF1 /* Debug */ = {
			isa = XCBuildConfiguration;
			buildSettings = {
				ASSETCATALOG_COMPILER_APPICON_NAME = AppIcon;
				ASSETCATALOG_COMPILER_GLOBAL_ACCENT_COLOR_NAME = AccentColor;
				CODE_SIGN_STYLE = Automatic;
				DEVELOPMENT_ASSET_PATHS = "\"sklep-rest/Preview Content\"";
				DEVELOPMENT_TEAM = 9Z72VCLT57;
				ENABLE_PREVIEWS = YES;
				INFOPLIST_FILE = "sklep-rest/Info.plist";
				IPHONEOS_DEPLOYMENT_TARGET = 14.0;
				LD_RUNPATH_SEARCH_PATHS = (
					"$(inherited)",
					"@executable_path/Frameworks",
				);
				PRODUCT_BUNDLE_IDENTIFIER = "uj.sklep-rest";
				PRODUCT_NAME = "$(TARGET_NAME)";
				SWIFT_VERSION = 5.0;
				TARGETED_DEVICE_FAMILY = "1,2";
			};
			name = Debug;
		};
		27326CD025B5E56C00E75CF1 /* Release */ = {
			isa = XCBuildConfiguration;
			buildSettings = {
				ASSETCATALOG_COMPILER_APPICON_NAME = AppIcon;
				ASSETCATALOG_COMPILER_GLOBAL_ACCENT_COLOR_NAME = AccentColor;
				CODE_SIGN_STYLE = Automatic;
				DEVELOPMENT_ASSET_PATHS = "\"sklep-rest/Preview Content\"";
				DEVELOPMENT_TEAM = 9Z72VCLT57;
				ENABLE_PREVIEWS = YES;
				INFOPLIST_FILE = "sklep-rest/Info.plist";
				IPHONEOS_DEPLOYMENT_TARGET = 14.0;
				LD_RUNPATH_SEARCH_PATHS = (
					"$(inherited)",
					"@executable_path/Frameworks",
				);
				PRODUCT_BUNDLE_IDENTIFIER = "uj.sklep-rest";
				PRODUCT_NAME = "$(TARGET_NAME)";
				SWIFT_VERSION = 5.0;
				TARGETED_DEVICE_FAMILY = "1,2";
			};
			name = Release;
		};
/* End XCBuildConfiguration section */

/* Begin XCConfigurationList section */
		27326CB525B5E55200E75CF1 /* Build configuration list for PBXProject "sklep-rest" */ = {
			isa = XCConfigurationList;
			buildConfigurations = (
				27326CCC25B5E56C00E75CF1 /* Debug */,
				27326CCD25B5E56C00E75CF1 /* Release */,
			);
			defaultConfigurationIsVisible = 0;
			defaultConfigurationName = Release;
		};
		27326CCE25B5E56C00E75CF1 /* Build configuration list for PBXNativeTarget "sklep-rest" */ = {
			isa = XCConfigurationList;
			buildConfigurations = (
				27326CCF25B5E56C00E75CF1 /* Debug */,
				27326CD025B5E56C00E75CF1 /* Release */,
			);
			defaultConfigurationIsVisible = 0;
			defaultConfigurationName = Release;
		};
/* End XCConfigurationList section */

/* Begin XCVersionGroup section */
		27326CC825B5E56C00E75CF1 /* sklep_rest.xcdatamodeld */ = {
			isa = XCVersionGroup;
			children = (
				27326CC925B5E56C00E75CF1 /* sklep_rest.xcdatamodel */,
			);
			currentVersion = 27326CC925B5E56C00E75CF1 /* sklep_rest.xcdatamodel */;
			path = sklep_rest.xcdatamodeld;
			sourceTree = "<group>";
			versionGroupType = wrapper.xcdatamodel;
		};
/* End XCVersionGroup section */
	};
	rootObject = 27326CB225B5E55200E75CF1 /* Project object */;
}
